
Microsoft Visual Studio Solution File, Format Version 12.00
# Visual Studio Version 17
VisualStudioVersion = 17.0.32112.339
MinimumVisualStudioVersion = 10.0.40219.1
Project("{9A19103F-16F7-4668-BE54-9A1E7A4F7556}") = "OverTop", "OverTop.csproj", "{7B204077-7313-4107-8FEF-EC8DD4086E13}"
EndProject
Project("{D954291E-2A0B-460D-934E-DC6B0785DB48}") = "Shared", "LuckDraw.Algorithm\Shared.shproj", "{4CD6416B-7EF9-43AD-B7A5-917E2EBBFA2D}"
EndProject
Project("{2150E333-8FDC-42A3-9474-1A3956D46DE8}") = "Solution Items", "Solution Items", "{A53069D8-BA3D-4A28-B76D-A8C3A769A85F}"
	ProjectSection(SolutionItems) = preProject
		.editorconfig = .editorconfig
	EndProjectSection
EndProject
Project("{C7167F0D-BC9F-4E6E-AFE1-012C56B48DB5}") = "OverTop.Package", "OverTop.Package\OverTop.Package.wapproj", "{BE41E405-9002-4D10-BA62-4C6C3657CB58}"
EndProject
Global
	GlobalSection(SolutionConfigurationPlatforms) = preSolution
		Debug|Any CPU = Debug|Any CPU
		Debug|ARM = Debug|ARM
		Debug|ARM64 = Debug|ARM64
		Debug|x64 = Debug|x64
		Debug|x86 = Debug|x86
		Release|Any CPU = Release|Any CPU
		Release|ARM = Release|ARM
		Release|ARM64 = Release|ARM64
		Release|x64 = Release|x64
		Release|x86 = Release|x86
	EndGlobalSection
	GlobalSection(ProjectConfigurationPlatforms) = postSolution
		{7B204077-7313-4107-8FEF-EC8DD4086E13}.Debug|Any CPU.ActiveCfg = Debug|Any CPU
		{7B204077-7313-4107-8FEF-EC8DD4086E13}.Debug|Any CPU.Build.0 = Debug|Any CPU
		{7B204077-7313-4107-8FEF-EC8DD4086E13}.Debug|ARM.ActiveCfg = Debug|Any CPU
		{7B204077-7313-4107-8FEF-EC8DD4086E13}.Debug|ARM.Build.0 = Debug|Any CPU
		{7B204077-7313-4107-8FEF-EC8DD4086E13}.Debug|ARM64.ActiveCfg = Debug|Any CPU
		{7B204077-7313-4107-8FEF-EC8DD4086E13}.Debug|ARM64.Build.0 = Debug|Any CPU
		{7B204077-7313-4107-8FEF-EC8DD4086E13}.Debug|x64.ActiveCfg = Debug|Any CPU
		{7B204077-7313-4107-8FEF-EC8DD4086E13}.Debug|x64.Build.0 = Debug|Any CPU
		{7B204077-7313-4107-8FEF-EC8DD4086E13}.Debug|x86.ActiveCfg = Debug|Any CPU
		{7B204077-7313-4107-8FEF-EC8DD4086E13}.Debug|x86.Build.0 = Debug|Any CPU
		{7B204077-7313-4107-8FEF-EC8DD4086E13}.Release|Any CPU.ActiveCfg = Release|Any CPU
		{7B204077-7313-4107-8FEF-EC8DD4086E13}.Release|Any CPU.Build.0 = Release|Any CPU
		{7B204077-7313-4107-8FEF-EC8DD4086E13}.Release|ARM.ActiveCfg = Release|Any CPU
		{7B204077-7313-4107-8FEF-EC8DD4086E13}.Release|ARM.Build.0 = Release|Any CPU
		{7B204077-7313-4107-8FEF-EC8DD4086E13}.Release|ARM64.ActiveCfg = Release|Any CPU
		{7B204077-7313-4107-8FEF-EC8DD4086E13}.Release|ARM64.Build.0 = Release|Any CPU
		{7B204077-7313-4107-8FEF-EC8DD4086E13}.Release|x64.ActiveCfg = Release|Any CPU
		{7B204077-7313-4107-8FEF-EC8DD4086E13}.Release|x64.Build.0 = Release|Any CPU
		{7B204077-7313-4107-8FEF-EC8DD4086E13}.Release|x86.ActiveCfg = Release|Any CPU
		{7B204077-7313-4107-8FEF-EC8DD4086E13}.Release|x86.Build.0 = Release|Any CPU
		{BE41E405-9002-4D10-BA62-4C6C3657CB58}.Debug|Any CPU.ActiveCfg = Debug|Any CPU
		{BE41E405-9002-4D10-BA62-4C6C3657CB58}.Debug|Any CPU.Build.0 = Debug|Any CPU
		{BE41E405-9002-4D10-BA62-4C6C3657CB58}.Debug|Any CPU.Deploy.0 = Debug|Any CPU
		{BE41E405-9002-4D10-BA62-4C6C3657CB58}.Debug|ARM.ActiveCfg = Debug|ARM
		{BE41E405-9002-4D10-BA62-4C6C3657CB58}.Debug|ARM.Build.0 = Debug|ARM
		{BE41E405-9002-4D10-BA62-4C6C3657CB58}.Debug|ARM.Deploy.0 = Debug|ARM
		{BE41E405-9002-4D10-BA62-4C6C3657CB58}.Debug|ARM64.ActiveCfg = Debug|ARM64
		{BE41E405-9002-4D10-BA62-4C6C3657CB58}.Debug|ARM64.Build.0 = Debug|ARM64
		{BE41E405-9002-4D10-BA62-4C6C3657CB58}.Debug|ARM64.Deploy.0 = Debug|ARM64
		{BE41E405-9002-4D10-BA62-4C6C3657CB58}.Debug|x64.ActiveCfg = Debug|x64
		{BE41E405-9002-4D10-BA62-4C6C3657CB58}.Debug|x64.Build.0 = Debug|x64
		{BE41E405-9002-4D10-BA62-4C6C3657CB58}.Debug|x64.Deploy.0 = Debug|x64
		{BE41E405-9002-4D10-BA62-4C6C3657CB58}.Debug|x86.ActiveCfg = Debug|x86
		{BE41E405-9002-4D10-BA62-4C6C3657CB58}.Debug|x86.Build.0 = Debug|x86
		{BE41E405-9002-4D10-BA62-4C6C3657CB58}.Debug|x86.Deploy.0 = Debug|x86
		{BE41E405-9002-4D10-BA62-4C6C3657CB58}.Release|Any CPU.ActiveCfg = Release|Any CPU
		{BE41E405-9002-4D10-BA62-4C6C3657CB58}.Release|Any CPU.Build.0 = Release|Any CPU
		{BE41E405-9002-4D10-BA62-4C6C3657CB58}.Release|Any CPU.Deploy.0 = Release|Any CPU
		{BE41E405-9002-4D10-BA62-4C6C3657CB58}.Release|ARM.ActiveCfg = Release|ARM
		{BE41E405-9002-4D10-BA62-4C6C3657CB58}.Release|ARM.Build.0 = Release|ARM
		{BE41E405-9002-4D10-BA62-4C6C3657CB58}.Release|ARM.Deploy.0 = Release|ARM
		{BE41E405-9002-4D10-BA62-4C6C3657CB58}.Release|ARM64.ActiveCfg = Release|ARM64
		{BE41E405-9002-4D10-BA62-4C6C3657CB58}.Release|ARM64.Build.0 = Release|ARM64
		{BE41E405-9002-4D10-BA62-4C6C3657CB58}.Release|ARM64.Deploy.0 = Release|ARM64
		{BE41E405-9002-4D10-BA62-4C6C3657CB58}.Release|x64.ActiveCfg = Release|x64
		{BE41E405-9002-4D10-BA62-4C6C3657CB58}.Release|x64.Build.0 = Release|x64
		{BE41E405-9002-4D10-BA62-4C6C3657CB58}.Release|x64.Deploy.0 = Release|x64
		{BE41E405-9002-4D10-BA62-4C6C3657CB58}.Release|x86.ActiveCfg = Release|x86
		{BE41E405-9002-4D10-BA62-4C6C3657CB58}.Release|x86.Build.0 = Release|x86
		{BE41E405-9002-4D10-BA62-4C6C3657CB58}.Release|x86.Deploy.0 = Release|x86
	EndGlobalSection
	GlobalSection(SolutionProperties) = preSolution
		HideSolutionNode = FALSE
	EndGlobalSection
	GlobalSection(ExtensibilityGlobals) = postSolution
		SolutionGuid = {6A82B691-50A2-44B9-8CB0-92CEBEEC4297}
	EndGlobalSection
	GlobalSection(SharedMSBuildProjectFiles) = preSolution
		LuckDraw.Algorithm\Shared.projitems*{4cd6416b-7ef9-43ad-b7a5-917e2ebbfa2d}*SharedItemsImports = 13
		LuckDraw.Algorithm\Shared.projitems*{7b204077-7313-4107-8fef-ec8dd4086e13}*SharedItemsImports = 5
	EndGlobalSection
EndGlobal
