
Microsoft Visual Studio Solution File, Format Version 12.00
# Visual Studio Version 17
VisualStudioVersion = 17.0.32112.339
MinimumVisualStudioVersion = 10.0.40219.1
Project("{9A19103F-16F7-4668-BE54-9A1E7A4F7556}") = "OverTop", "OverTop.csproj", "{7B204077-7313-4107-8FEF-EC8DD4086E13}"
EndProject
Project("{D954291E-2A0B-460D-934E-DC6B0785DB48}") = "Shared", "LuckDraw.Algorithm\Shared.shproj", "{4CD6416B-7EF9-43AD-B7A5-917E2EBBFA2D}"
EndProject
Project("{2150E333-8FDC-42A3-9474-1A3956D46DE8}") = "Solution Items", "Solution Items", "{A53069D8-BA3D-4A28-B76D-A8C3A769A85F}"
	ProjectSection(SolutionItems) = preProject
		.editorconfig = .editorconfig
	EndProjectSection
EndProject
Global
	GlobalSection(SolutionConfigurationPlatforms) = preSolution
		Debug|Any CPU = Debug|Any CPU
		Release|Any CPU = Release|Any CPU
	EndGlobalSection
	GlobalSection(ProjectConfigurationPlatforms) = postSolution
		{7B204077-7313-4107-8FEF-EC8DD4086E13}.Debug|Any CPU.ActiveCfg = Debug|Any CPU
		{7B204077-7313-4107-8FEF-EC8DD4086E13}.Debug|Any CPU.Build.0 = Debug|Any CPU
		{7B204077-7313-4107-8FEF-EC8DD4086E13}.Release|Any CPU.ActiveCfg = Release|Any CPU
		{7B204077-7313-4107-8FEF-EC8DD4086E13}.Release|Any CPU.Build.0 = Release|Any CPU
	EndGlobalSection
	GlobalSection(SolutionProperties) = preSolution
		HideSolutionNode = FALSE
	EndGlobalSection
	GlobalSection(ExtensibilityGlobals) = postSolution
		SolutionGuid = {6A82B691-50A2-44B9-8CB0-92CEBEEC4297}
	EndGlobalSection
	GlobalSection(SharedMSBuildProjectFiles) = preSolution
		LuckDraw.Algorithm\Shared.projitems*{4cd6416b-7ef9-43ad-b7a5-917e2ebbfa2d}*SharedItemsImports = 13
		LuckDraw.Algorithm\Shared.projitems*{7b204077-7313-4107-8fef-ec8dd4086e13}*SharedItemsImports = 5
	EndGlobalSection
EndGlobal
